<?xml version="1.0" encoding="utf-8"?>
<Project ToolsVersion="4.0" xmlns="http://schemas.microsoft.com/developer/msbuild/2003">
  <ItemGroup>
    <Filter Include="Sources files">
      <UniqueIdentifier>{4FC737F1-C7A5-4376-A066-2A32D752A2FF}</UniqueIdentifier>
      <Extensions>cpp;c;cc;cxx;c++;cppm;ixx;def;odl;idl;hpj;bat;asm;asmx</Extensions>
    </Filter>
    <Filter Include="Headers files">
      <UniqueIdentifier>{93995380-89BD-4b04-88EB-625FBE52EBFB}</UniqueIdentifier>
      <Extensions>h;hh;hpp;hxx;h++;hm;inl;inc;ipp;xsd</Extensions>
    </Filter>
    <Filter Include="Ressources files">
      <UniqueIdentifier>{67DA6AB6-F800-4c08-8B7A-83BB121AAD01}</UniqueIdentifier>
      <Extensions>rc;ico;cur;bmp;dlg;rc2;rct;bin;rgs;gif;jpg;jpeg;jpe;resx;tiff;tif;png;wav;mfcribbon-ms</Extensions>
    </Filter>
  </ItemGroup>
  <ItemGroup>
    <ClCompile Include="main.cpp">
      <Filter>Sources files</Filter>
    </ClCompile>
    <ClCompile Include="main.cpp">
      <Filter>Sources files</Filter>
    </ClCompile>
    <ClCompile Include="src\engine\rendering\ConsoleRenderer.cpp">
      <Filter>Sources files</Filter>
    </ClCompile>
    <ClCompile Include="src\gameplay\Board.cpp">
      <Filter>Sources files</Filter>
    </ClCompile>
    <ClCompile Include="src\engine\input\ConsoleInputManager.cpp">
      <Filter>Sources files</Filter>
    </ClCompile>
    <ClCompile Include="include\gamelogic\GameObject.h">
      <Filter>Headers files</Filter>
    </ClCompile>
    <ClCompile Include="src\gameplay\Tile.cpp">
      <Filter>Sources files</Filter>
    </ClCompile>
    <ClCompile Include="src\engine\rendering\SDLRenderer.cpp">
      <Filter>Sources files</Filter>
    </ClCompile>
    <ClCompile Include="src\engine\input\SDLInputManager.cpp">
      <Filter>Sources files</Filter>
    </ClCompile>
    <ClCompile Include="include\engine\SDLInputManager.h">
      <Filter>Headers files</Filter>
    </ClCompile>
  </ItemGroup>
  <ItemGroup>
    <ClInclude Include="include\engine\AbstractRenderer.h">
      <Filter>Headers files</Filter>
    </ClInclude>
    <ClInclude Include="include\engine\ConsoleRenderer.h">
      <Filter>Headers files</Filter>
    </ClInclude>
    <ClInclude Include="include\gamelogic\Board.h">
      <Filter>Headers files</Filter>
    </ClInclude>
    <ClInclude Include="data\globals.h">
      <Filter>Headers files</Filter>
    </ClInclude>
    <ClInclude Include="include\engine\AbstractInputManager.h">
      <Filter>Headers files</Filter>
    </ClInclude>
    <ClInclude Include="include\engine\ConsoleInputManager.h">
      <Filter>Headers files</Filter>
    </ClInclude>
    <ClInclude Include="include\gamelogic\Tile.h">
      <Filter>Headers files</Filter>
    </ClInclude>
    <ClInclude Include="include\engine\SDLRenderer.h">
      <Filter>Headers files</Filter>
    </ClInclude>
    <ClInclude Include="include\utils\Vector2D.h">
      <Filter>Headers files</Filter>
    </ClInclude>
  </ItemGroup>
  <ItemGroup>
    <Image Include="src\assets\tile.png">
      <Filter>Ressources files</Filter>
    </Image>
  </ItemGroup>
  <ItemGroup>
    <None Include="packages.config" />
  </ItemGroup>
</Project>